
Microsoft Visual Studio Solution File, Format Version 12.00
# Visual Studio 2013
VisualStudioVersion = 12.0.21005.1
MinimumVisualStudioVersion = 10.0.40219.1
Project("{FAE04EC0-301F-11D3-BF4B-00C04F79EFBC}") = "Visomax", "Visomax\Visomax.csproj", "{D6343E62-2FE7-4D05-9655-3176E2AEB646}"
EndProject
Project("{6141683F-8A12-4E36-9623-2EB02B2C2303}") = "Setup", "Setup\Setup.isproj", "{34DF8F45-E387-4805-81A0-D0517A23E2AB}"
EndProject
Global
	GlobalSection(TeamFoundationVersionControl) = preSolution
		SccNumberOfProjects = 3
		SccEnterpriseProvider = {4CA58AB2-18FA-4F8D-95D4-32DDF27D184C}
		SccTeamFoundationServer = https://felipeshouse.visualstudio.com/defaultcollection
		SccLocalPath0 = .
		SccProjectUniqueName1 = Visomax\\Visomax.csproj
		SccProjectName1 = Visomax
		SccLocalPath1 = Visomax
		SccProjectUniqueName2 = Setup\\Setup.isproj
		SccProjectName2 = Setup
		SccLocalPath2 = Setup
	EndGlobalSection
	GlobalSection(SolutionConfigurationPlatforms) = preSolution
		CD_ROM|Any CPU = CD_ROM|Any CPU
		CD_ROM|x86 = CD_ROM|x86
		Debug|Any CPU = Debug|Any CPU
		Debug|x86 = Debug|x86
		DVD-5|Any CPU = DVD-5|Any CPU
		DVD-5|x86 = DVD-5|x86
		Release|Any CPU = Release|Any CPU
		Release|x86 = Release|x86
		SingleImage|Any CPU = SingleImage|Any CPU
		SingleImage|x86 = SingleImage|x86
	EndGlobalSection
	GlobalSection(ProjectConfigurationPlatforms) = postSolution
		{D6343E62-2FE7-4D05-9655-3176E2AEB646}.CD_ROM|Any CPU.ActiveCfg = Release|Any CPU
		{D6343E62-2FE7-4D05-9655-3176E2AEB646}.CD_ROM|Any CPU.Build.0 = Release|Any CPU
		{D6343E62-2FE7-4D05-9655-3176E2AEB646}.CD_ROM|x86.ActiveCfg = Release|x86
		{D6343E62-2FE7-4D05-9655-3176E2AEB646}.CD_ROM|x86.Build.0 = Release|x86
		{D6343E62-2FE7-4D05-9655-3176E2AEB646}.Debug|Any CPU.ActiveCfg = Debug|Any CPU
		{D6343E62-2FE7-4D05-9655-3176E2AEB646}.Debug|Any CPU.Build.0 = Debug|Any CPU
		{D6343E62-2FE7-4D05-9655-3176E2AEB646}.Debug|x86.ActiveCfg = Debug|x86
		{D6343E62-2FE7-4D05-9655-3176E2AEB646}.Debug|x86.Build.0 = Debug|x86
		{D6343E62-2FE7-4D05-9655-3176E2AEB646}.DVD-5|Any CPU.ActiveCfg = Debug|Any CPU
		{D6343E62-2FE7-4D05-9655-3176E2AEB646}.DVD-5|Any CPU.Build.0 = Debug|Any CPU
		{D6343E62-2FE7-4D05-9655-3176E2AEB646}.DVD-5|x86.ActiveCfg = Debug|x86
		{D6343E62-2FE7-4D05-9655-3176E2AEB646}.DVD-5|x86.Build.0 = Debug|x86
		{D6343E62-2FE7-4D05-9655-3176E2AEB646}.Release|Any CPU.ActiveCfg = Release|Any CPU
		{D6343E62-2FE7-4D05-9655-3176E2AEB646}.Release|Any CPU.Build.0 = Release|Any CPU
		{D6343E62-2FE7-4D05-9655-3176E2AEB646}.Release|x86.ActiveCfg = Release|x86
		{D6343E62-2FE7-4D05-9655-3176E2AEB646}.Release|x86.Build.0 = Release|x86
		{D6343E62-2FE7-4D05-9655-3176E2AEB646}.SingleImage|Any CPU.ActiveCfg = Release|Any CPU
		{D6343E62-2FE7-4D05-9655-3176E2AEB646}.SingleImage|Any CPU.Build.0 = Release|Any CPU
		{D6343E62-2FE7-4D05-9655-3176E2AEB646}.SingleImage|x86.ActiveCfg = Release|x86
		{D6343E62-2FE7-4D05-9655-3176E2AEB646}.SingleImage|x86.Build.0 = Release|x86
		{34DF8F45-E387-4805-81A0-D0517A23E2AB}.CD_ROM|Any CPU.ActiveCfg = CD_ROM
		{34DF8F45-E387-4805-81A0-D0517A23E2AB}.CD_ROM|Any CPU.Build.0 = CD_ROM
		{34DF8F45-E387-4805-81A0-D0517A23E2AB}.CD_ROM|x86.ActiveCfg = CD_ROM
		{34DF8F45-E387-4805-81A0-D0517A23E2AB}.CD_ROM|x86.Build.0 = CD_ROM
		{34DF8F45-E387-4805-81A0-D0517A23E2AB}.Debug|Any CPU.ActiveCfg = DVD-5
		{34DF8F45-E387-4805-81A0-D0517A23E2AB}.Debug|Any CPU.Build.0 = DVD-5
		{34DF8F45-E387-4805-81A0-D0517A23E2AB}.Debug|x86.ActiveCfg = DVD-5
		{34DF8F45-E387-4805-81A0-D0517A23E2AB}.Debug|x86.Build.0 = DVD-5
		{34DF8F45-E387-4805-81A0-D0517A23E2AB}.DVD-5|Any CPU.ActiveCfg = DVD-5
		{34DF8F45-E387-4805-81A0-D0517A23E2AB}.DVD-5|Any CPU.Build.0 = DVD-5
		{34DF8F45-E387-4805-81A0-D0517A23E2AB}.DVD-5|x86.ActiveCfg = DVD-5
		{34DF8F45-E387-4805-81A0-D0517A23E2AB}.DVD-5|x86.Build.0 = DVD-5
		{34DF8F45-E387-4805-81A0-D0517A23E2AB}.Release|Any CPU.ActiveCfg = SingleImage
		{34DF8F45-E387-4805-81A0-D0517A23E2AB}.Release|Any CPU.Build.0 = SingleImage
		{34DF8F45-E387-4805-81A0-D0517A23E2AB}.Release|x86.ActiveCfg = SingleImage
		{34DF8F45-E387-4805-81A0-D0517A23E2AB}.Release|x86.Build.0 = SingleImage
		{34DF8F45-E387-4805-81A0-D0517A23E2AB}.SingleImage|Any CPU.ActiveCfg = SingleImage
		{34DF8F45-E387-4805-81A0-D0517A23E2AB}.SingleImage|Any CPU.Build.0 = SingleImage
		{34DF8F45-E387-4805-81A0-D0517A23E2AB}.SingleImage|x86.ActiveCfg = SingleImage
		{34DF8F45-E387-4805-81A0-D0517A23E2AB}.SingleImage|x86.Build.0 = SingleImage
	EndGlobalSection
	GlobalSection(SolutionProperties) = preSolution
		HideSolutionNode = FALSE
	EndGlobalSection
EndGlobal
